{
  "requires": true,
  "lockfileVersion": 1,
  "dependencies": {
    "@types/bson": {
      "version": "4.0.0",
      "resolved": "https://registry.npmjs.org/@types/bson/-/bson-4.0.0.tgz",
      "integrity": "sha512-pq/rqJwJWkbS10crsG5bgnrisL8pML79KlMKQMoQwLUjlPAkrUHMvHJ3oGwE7WHR61Lv/nadMwXVAD2b+fpD8Q==",
      "requires": {
        "@types/node": "*"
      }
    },
    "@types/mongodb": {
      "version": "3.3.10",
      "resolved": "https://registry.npmjs.org/@types/mongodb/-/mongodb-3.3.10.tgz",
      "integrity": "sha512-0irlIjqs0UVcs+1ih7qdA9Rs4gkN9hBX7PI6IBWYu/kcMQ52L+oLW19gKT8wBJD2uMBkgT4mVKDmEo6ygObnHA==",
      "requires": {
        "@types/bson": "*",
        "@types/node": "*"
      }
    },
    "@types/mongoose": {
      "version": "5.5.31",
      "resolved": "https://registry.npmjs.org/@types/mongoose/-/mongoose-5.5.31.tgz",
      "integrity": "sha512-NNAEmGgHlyLddywanglwDH9fnQi2oKUetUI0/fSc1lep9HE30ayWkIvAvTAIOMiaaQna1+KDAMydrt9TyLUmdw==",
      "requires": {
        "@types/mongodb": "*",
        "@types/node": "*"
      }
    },
    "@types/node": {
      "version": "12.12.7",
      "resolved": "https://registry.npmjs.org/@types/node/-/node-12.12.7.tgz",
      "integrity": "sha512-E6Zn0rffhgd130zbCbAr/JdXfXkoOUFAKNs/rF8qnafSJ8KYaA/j3oz7dcwal+lYjLA7xvdd5J4wdYpCTlP8+w=="
    }
  }
}
